// !$*UTF8*$!
{
	archiveVersion = 1;
	classes = {
	};
	objectVersion = 51;
	objects = {

/* Begin PBXBuildFile section */
		5B37214FE97BCF64831B3051 /* Pods_mapWitMapBox.framework in Frameworks */ = {isa = PBXBuildFile; fileRef = 9E3BEEE0EE7B3C774BFD7028 /* Pods_mapWitMapBox.framework */; };
		881940712401E6410096B2AD /* AppDelegate.swift in Sources */ = {isa = PBXBuildFile; fileRef = 881940702401E6410096B2AD /* AppDelegate.swift */; };
		881940732401E6410096B2AD /* SceneDelegate.swift in Sources */ = {isa = PBXBuildFile; fileRef = 881940722401E6410096B2AD /* SceneDelegate.swift */; };
		881940752401E6410096B2AD /* ViewController.swift in Sources */ = {isa = PBXBuildFile; fileRef = 881940742401E6410096B2AD /* ViewController.swift */; };
		8819407A2401E6460096B2AD /* Assets.xcassets in Resources */ = {isa = PBXBuildFile; fileRef = 881940792401E6460096B2AD /* Assets.xcassets */; };
		8819407D2401E6460096B2AD /* LaunchScreen.storyboard in Resources */ = {isa = PBXBuildFile; fileRef = 8819407B2401E6460096B2AD /* LaunchScreen.storyboard */; };
/* End PBXBuildFile section */

/* Begin PBXFileReference section */
		8819406D2401E6410096B2AD /* mapWitMapBox.app */ = {isa = PBXFileReference; explicitFileType = wrapper.application; includeInIndex = 0; path = mapWitMapBox.app; sourceTree = BUILT_PRODUCTS_DIR; };
		881940702401E6410096B2AD /* AppDelegate.swift */ = {isa = PBXFileReference; lastKnownFileType = sourcecode.swift; path = AppDelegate.swift; sourceTree = "<group>"; };
		881940722401E6410096B2AD /* SceneDelegate.swift */ = {isa = PBXFileReference; lastKnownFileType = sourcecode.swift; path = SceneDelegate.swift; sourceTree = "<group>"; };
		881940742401E6410096B2AD /* ViewController.swift */ = {isa = PBXFileReference; lastKnownFileType = sourcecode.swift; path = ViewController.swift; sourceTree = "<group>"; };
		881940792401E6460096B2AD /* Assets.xcassets */ = {isa = PBXFileReference; lastKnownFileType = folder.assetcatalog; path = Assets.xcassets; sourceTree = "<group>"; };
		8819407C2401E6460096B2AD /* Base */ = {isa = PBXFileReference; lastKnownFileType = file.storyboard; name = Base; path = Base.lproj/LaunchScreen.storyboard; sourceTree = "<group>"; };
		8819407E2401E6460096B2AD /* Info.plist */ = {isa = PBXFileReference; lastKnownFileType = text.plist.xml; path = Info.plist; sourceTree = "<group>"; };
		9E3BEEE0EE7B3C774BFD7028 /* Pods_mapWitMapBox.framework */ = {isa = PBXFileReference; explicitFileType = wrapper.framework; includeInIndex = 0; path = Pods_mapWitMapBox.framework; sourceTree = BUILT_PRODUCTS_DIR; };
		A99B3313C613A5143E5EA9AE /* Pods-mapWitMapBox.debug.xcconfig */ = {isa = PBXFileReference; includeInIndex = 1; lastKnownFileType = text.xcconfig; name = "Pods-mapWitMapBox.debug.xcconfig"; path = "Target Support Files/Pods-mapWitMapBox/Pods-mapWitMapBox.debug.xcconfig"; sourceTree = "<group>"; };
		D2BF079B7EBD814EED00D710 /* Pods-mapWitMapBox.release.xcconfig */ = {isa = PBXFileReference; includeInIndex = 1; lastKnownFileType = text.xcconfig; name = "Pods-mapWitMapBox.release.xcconfig"; path = "Target Support Files/Pods-mapWitMapBox/Pods-mapWitMapBox.release.xcconfig"; sourceTree = "<group>"; };
/* End PBXFileReference section */

/* Begin PBXFrameworksBuildPhase section */
		8819406A2401E6410096B2AD /* Frameworks */ = {
			isa = PBXFrameworksBuildPhase;
			buildActionMask = 2147483647;
			files = (
				5B37214FE97BCF64831B3051 /* Pods_mapWitMapBox.framework in Frameworks */,
			);
			runOnlyForDeploymentPostprocessing = 0;
		};
/* End PBXFrameworksBuildPhase section */

/* Begin PBXGroup section */
		881940642401E6410096B2AD = {
			isa = PBXGroup;
			children = (
				8819406F2401E6410096B2AD /* mapWitMapBox */,
				8819406E2401E6410096B2AD /* Products */,
				D9B5BF634A13757B5E2F3055 /* Pods */,
				C533AC258E2F67752A8201E0 /* Frameworks */,
			);
			sourceTree = "<group>";
		};
		8819406E2401E6410096B2AD /* Products */ = {
			isa = PBXGroup;
			children = (
				8819406D2401E6410096B2AD /* mapWitMapBox.app */,
			);
			name = Products;
			sourceTree = "<group>";
		};
		8819406F2401E6410096B2AD /* mapWitMapBox */ = {
			isa = PBXGroup;
			children = (
				881940702401E6410096B2AD /* AppDelegate.swift */,
				881940722401E6410096B2AD /* SceneDelegate.swift */,
				881940742401E6410096B2AD /* ViewController.swift */,
				881940792401E6460096B2AD /* Assets.xcassets */,
				8819407B2401E6460096B2AD /* LaunchScreen.storyboard */,
				8819407E2401E6460096B2AD /* Info.plist */,
			);
			path = mapWitMapBox;
			sourceTree = "<group>";
		};
		C533AC258E2F67752A8201E0 /* Frameworks */ = {
			isa = PBXGroup;
			children = (
				9E3BEEE0EE7B3C774BFD7028 /* Pods_mapWitMapBox.framework */,
			);
			name = Frameworks;
			sourceTree = "<group>";
		};
		D9B5BF634A13757B5E2F3055 /* Pods */ = {
			isa = PBXGroup;
			children = (
				A99B3313C613A5143E5EA9AE /* Pods-mapWitMapBox.debug.xcconfig */,
				D2BF079B7EBD814EED00D710 /* Pods-mapWitMapBox.release.xcconfig */,
			);
			path = Pods;
			sourceTree = "<group>";
		};
/* End PBXGroup section */

/* Begin PBXNativeTarget section */
		8819406C2401E6410096B2AD /* mapWitMapBox */ = {
			isa = PBXNativeTarget;
			buildConfigurationList = 881940812401E6460096B2AD /* Build configuration list for PBXNativeTarget "mapWitMapBox" */;
			buildPhases = (
				EA02ED40E979D1317AFB6949 /* [CP] Check Pods Manifest.lock */,
				881940692401E6410096B2AD /* Sources */,
				8819406A2401E6410096B2AD /* Frameworks */,
				8819406B2401E6410096B2AD /* Resources */,
				44F9FBAD911C62D17D03A8C6 /* [CP] Embed Pods Frameworks */,
			);
			buildRules = (
			);
			dependencies = (
			);
			name = mapWitMapBox;
			productName = mapWitMapBox;
			productReference = 8819406D2401E6410096B2AD /* mapWitMapBox.app */;
			productType = "com.apple.product-type.application";
		};
/* End PBXNativeTarget section */

/* Begin PBXProject section */
		881940652401E6410096B2AD /* Project object */ = {
			isa = PBXProject;
			attributes = {
				LastSwiftUpdateCheck = 1130;
				LastUpgradeCheck = 1130;
				ORGANIZATIONNAME = "Howard Chang";
				TargetAttributes = {
					8819406C2401E6410096B2AD = {
						CreatedOnToolsVersion = 11.3.1;
					};
				};
			};
			buildConfigurationList = 881940682401E6410096B2AD /* Build configuration list for PBXProject "mapWitMapBox" */;
			compatibilityVersion = "Xcode 9.3";
			developmentRegion = en;
			hasScannedForEncodings = 0;
			knownRegions = (
				en,
				Base,
			);
			mainGroup = 881940642401E6410096B2AD;
			productRefGroup = 8819406E2401E6410096B2AD /* Products */;
			projectDirPath = "";
			projectRoot = "";
			targets = (
				8819406C2401E6410096B2AD /* mapWitMapBox */,
			);
		};
/* End PBXProject section */

/* Begin PBXResourcesBuildPhase section */
		8819406B2401E6410096B2AD /* Resources */ = {
			isa = PBXResourcesBuildPhase;
			buildActionMask = 2147483647;
			files = (
				8819407D2401E6460096B2AD /* LaunchScreen.storyboard in Resources */,
				8819407A2401E6460096B2AD /* Assets.xcassets in Resources */,
			);
			runOnlyForDeploymentPostprocessing = 0;
		};
/* End PBXResourcesBuildPhase section */

/* Begin PBXShellScriptBuildPhase section */
		44F9FBAD911C62D17D03A8C6 /* [CP] Embed Pods Frameworks */ = {
			isa = PBXShellScriptBuildPhase;
			buildActionMask = 2147483647;
			files = (
			);
			inputFileListPaths = (
				"${PODS_ROOT}/Target Support Files/Pods-mapWitMapBox/Pods-mapWitMapBox-frameworks-${CONFIGURATION}-input-files.xcfilelist",
			);
			name = "[CP] Embed Pods Frameworks";
			outputFileListPaths = (
				"${PODS_ROOT}/Target Support Files/Pods-mapWitMapBox/Pods-mapWitMapBox-frameworks-${CONFIGURATION}-output-files.xcfilelist",
			);
			runOnlyForDeploymentPostprocessing = 0;
			shellPath = /bin/sh;
			shellScript = "\"${PODS_ROOT}/Target Support Files/Pods-mapWitMapBox/Pods-mapWitMapBox-frameworks.sh\"\n";
			showEnvVarsInLog = 0;
		};
		EA02ED40E979D1317AFB6949 /* [CP] Check Pods Manifest.lock */ = {
			isa = PBXShellScriptBuildPhase;
			buildActionMask = 2147483647;
			files = (
			);
			inputFileListPaths = (
			);
			inputPaths = (
				"${PODS_PODFILE_DIR_PATH}/Podfile.lock",
				"${PODS_ROOT}/Manifest.lock",
			);
			name = "[CP] Check Pods Manifest.lock";
			outputFileListPaths = (
			);
			outputPaths = (
				"$(DERIVED_FILE_DIR)/Pods-mapWitMapBox-checkManifestLockResult.txt",
			);
			runOnlyForDeploymentPostprocessing = 0;
			shellPath = /bin/sh;
			shellScript = "diff \"${PODS_PODFILE_DIR_PATH}/Podfile.lock\" \"${PODS_ROOT}/Manifest.lock\" > /dev/null\nif [ $? != 0 ] ; then\n    # print error to STDERR\n    echo \"error: The sandbox is not in sync with the Podfile.lock. Run 'pod install' or update your CocoaPods installation.\" >&2\n    exit 1\nfi\n# This output is used by Xcode 'outputs' to avoid re-running this script phase.\necho \"SUCCESS\" > \"${SCRIPT_OUTPUT_FILE_0}\"\n";
			showEnvVarsInLog = 0;
		};
/* End PBXShellScriptBuildPhase section */

/* Begin PBXSourcesBuildPhase section */
		881940692401E6410096B2AD /* Sources */ = {
			isa = PBXSourcesBuildPhase;
			buildActionMask = 2147483647;
			files = (
				881940752401E6410096B2AD /* ViewController.swift in Sources */,
				881940712401E6410096B2AD /* AppDelegate.swift in Sources */,
				881940732401E6410096B2AD /* SceneDelegate.swift in Sources */,
			);
			runOnlyForDeploymentPostprocessing = 0;
		};
/* End PBXSourcesBuildPhase section */

/* Begin PBXVariantGroup section */
		8819407B2401E6460096B2AD /* LaunchScreen.storyboard */ = {
			isa = PBXVariantGroup;
			children = (
				8819407C2401E6460096B2AD /* Base */,
			);
			name = LaunchScreen.storyboard;
			sourceTree = "<group>";
		};
/* End PBXVariantGroup section */

/* Begin XCBuildConfiguration section */
		8819407F2401E6460096B2AD /* Debug */ = {
			isa = XCBuildConfiguration;
			buildSettings = {
				ALWAYS_SEARCH_USER_PATHS = NO;
				CLANG_ANALYZER_NONNULL = YES;
				CLANG_ANALYZER_NUMBER_OBJECT_CONVERSION = YES_AGGRESSIVE;
				CLANG_CXX_LANGUAGE_STANDARD = "gnu++14";
				CLANG_CXX_LIBRARY = "libc++";
				CLANG_ENABLE_MODULES = YES;
				CLANG_ENABLE_OBJC_ARC = YES;
				CLANG_ENABLE_OBJC_WEAK = YES;
				CLANG_WARN_BLOCK_CAPTURE_AUTORELEASING = YES;
				CLANG_WARN_BOOL_CONVERSION = YES;
				CLANG_WARN_COMMA = YES;
				CLANG_WARN_CONSTANT_CONVERSION = YES;
				CLANG_WARN_DEPRECATED_OBJC_IMPLEMENTATIONS = YES;
				CLANG_WARN_DIRECT_OBJC_ISA_USAGE = YES_ERROR;
				CLANG_WARN_DOCUMENTATION_COMMENTS = YES;
				CLANG_WARN_EMPTY_BODY = YES;
				CLANG_WARN_ENUM_CONVERSION = YES;
				CLANG_WARN_INFINITE_RECURSION = YES;
				CLANG_WARN_INT_CONVERSION = YES;
				CLANG_WARN_NON_LITERAL_NULL_CONVERSION = YES;
				CLANG_WARN_OBJC_IMPLICIT_RETAIN_SELF = YES;
				CLANG_WARN_OBJC_LITERAL_CONVERSION = YES;
				CLANG_WARN_OBJC_ROOT_CLASS = YES_ERROR;
				CLANG_WARN_RANGE_LOOP_ANALYSIS = YES;
				CLANG_WARN_STRICT_PROTOTYPES = YES;
				CLANG_WARN_SUSPICIOUS_MOVE = YES;
				CLANG_WARN_UNGUARDED_AVAILABILITY = YES_AGGRESSIVE;
				CLANG_WARN_UNREACHABLE_CODE = YES;
				CLANG_WARN__DUPLICATE_METHOD_MATCH = YES;
				COPY_PHASE_STRIP = NO;
				DEBUG_INFORMATION_FORMAT = dwarf;
				ENABLE_STRICT_OBJC_MSGSEND = YES;
				ENABLE_TESTABILITY = YES;
				GCC_C_LANGUAGE_STANDARD = gnu11;
				GCC_DYNAMIC_NO_PIC = NO;
				GCC_NO_COMMON_BLOCKS = YES;
				GCC_OPTIMIZATION_LEVEL = 0;
				GCC_PREPROCESSOR_DEFINITIONS = (
					"DEBUG=1",
					"$(inherited)",
				);
				GCC_WARN_64_TO_32_BIT_CONVERSION = YES;
				GCC_WARN_ABOUT_RETURN_TYPE = YES_ERROR;
				GCC_WARN_UNDECLARED_SELECTOR = YES;
				GCC_WARN_UNINITIALIZED_AUTOS = YES_AGGRESSIVE;
				GCC_WARN_UNUSED_FUNCTION = YES;
				GCC_WARN_UNUSED_VARIABLE = YES;
				IPHONEOS_DEPLOYMENT_TARGET = 13.2;
				MTL_ENABLE_DEBUG_INFO = INCLUDE_SOURCE;
				MTL_FAST_MATH = YES;
				ONLY_ACTIVE_ARCH = YES;
				SDKROOT = iphoneos;
				SWIFT_ACTIVE_COMPILATION_CONDITIONS = DEBUG;
				SWIFT_OPTIMIZATION_LEVEL = "-Onone";
			};
			name = Debug;
		};
		881940802401E6460096B2AD /* Release */ = {
			isa = XCBuildConfiguration;
			buildSettings = {
				ALWAYS_SEARCH_USER_PATHS = NO;
				CLANG_ANALYZER_NONNULL = YES;
				CLANG_ANALYZER_NUMBER_OBJECT_CONVERSION = YES_AGGRESSIVE;
				CLANG_CXX_LANGUAGE_STANDARD = "gnu++14";
				CLANG_CXX_LIBRARY = "libc++";
				CLANG_ENABLE_MODULES = YES;
				CLANG_ENABLE_OBJC_ARC = YES;
				CLANG_ENABLE_OBJC_WEAK = YES;
				CLANG_WARN_BLOCK_CAPTURE_AUTORELEASING = YES;
				CLANG_WARN_BOOL_CONVERSION = YES;
				CLANG_WARN_COMMA = YES;
				CLANG_WARN_CONSTANT_CONVERSION = YES;
				CLANG_WARN_DEPRECATED_OBJC_IMPLEMENTATIONS = YES;
				CLANG_WARN_DIRECT_OBJC_ISA_USAGE = YES_ERROR;
				CLANG_WARN_DOCUMENTATION_COMMENTS = YES;
				CLANG_WARN_EMPTY_BODY = YES;
				CLANG_WARN_ENUM_CONVERSION = YES;
				CLANG_WARN_INFINITE_RECURSION = YES;
				CLANG_WARN_INT_CONVERSION = YES;
				CLANG_WARN_NON_LITERAL_NULL_CONVERSION = YES;
				CLANG_WARN_OBJC_IMPLICIT_RETAIN_SELF = YES;
				CLANG_WARN_OBJC_LITERAL_CONVERSION = YES;
				CLANG_WARN_OBJC_ROOT_CLASS = YES_ERROR;
				CLANG_WARN_RANGE_LOOP_ANALYSIS = YES;
				CLANG_WARN_STRICT_PROTOTYPES = YES;
				CLANG_WARN_SUSPICIOUS_MOVE = YES;
				CLANG_WARN_UNGUARDED_AVAILABILITY = YES_AGGRESSIVE;
				CLANG_WARN_UNREACHABLE_CODE = YES;
				CLANG_WARN__DUPLICATE_METHOD_MATCH = YES;
				COPY_PHASE_STRIP = NO;
				DEBUG_INFORMATION_FORMAT = "dwarf-with-dsym";
				ENABLE_NS_ASSERTIONS = NO;
				ENABLE_STRICT_OBJC_MSGSEND = YES;
				GCC_C_LANGUAGE_STANDARD = gnu11;
				GCC_NO_COMMON_BLOCKS = YES;
				GCC_WARN_64_TO_32_BIT_CONVERSION = YES;
				GCC_WARN_ABOUT_RETURN_TYPE = YES_ERROR;
				GCC_WARN_UNDECLARED_SELECTOR = YES;
				GCC_WARN_UNINITIALIZED_AUTOS = YES_AGGRESSIVE;
				GCC_WARN_UNUSED_FUNCTION = YES;
				GCC_WARN_UNUSED_VARIABLE = YES;
				IPHONEOS_DEPLOYMENT_TARGET = 13.2;
				MTL_ENABLE_DEBUG_INFO = NO;
				MTL_FAST_MATH = YES;
				SDKROOT = iphoneos;
				SWIFT_COMPILATION_MODE = wholemodule;
				SWIFT_OPTIMIZATION_LEVEL = "-O";
				VALIDATE_PRODUCT = YES;
			};
			name = Release;
		};
		881940822401E6460096B2AD /* Debug */ = {
			isa = XCBuildConfiguration;
			baseConfigurationReference = A99B3313C613A5143E5EA9AE /* Pods-mapWitMapBox.debug.xcconfig */;
			buildSettings = {
				ASSETCATALOG_COMPILER_APPICON_NAME = AppIcon;
				CODE_SIGN_STYLE = Automatic;
				DEVELOPMENT_TEAM = 26RHXP32FH;
				INFOPLIST_FILE = mapWitMapBox/Info.plist;
				LD_RUNPATH_SEARCH_PATHS = (
					"$(inherited)",
					"@executable_path/Frameworks",
				);
				PRODUCT_BUNDLE_IDENTIFIER = com.howardchang.login.mapWitMapBox;
				PRODUCT_NAME = "$(TARGET_NAME)";
				SWIFT_VERSION = 5.0;
				TARGETED_DEVICE_FAMILY = "1,2";
			};
			name = Debug;
		};
		881940832401E6460096B2AD /* Release */ = {
			isa = XCBuildConfiguration;
			baseConfigurationReference = D2BF079B7EBD814EED00D710 /* Pods-mapWitMapBox.release.xcconfig */;
			buildSettings = {
				ASSETCATALOG_COMPILER_APPICON_NAME = AppIcon;
				CODE_SIGN_STYLE = Automatic;
				DEVELOPMENT_TEAM = 26RHXP32FH;
				INFOPLIST_FILE = mapWitMapBox/Info.plist;
				LD_RUNPATH_SEARCH_PATHS = (
					"$(inherited)",
					"@executable_path/Frameworks",
				);
				PRODUCT_BUNDLE_IDENTIFIER = com.howardchang.login.mapWitMapBox;
				PRODUCT_NAME = "$(TARGET_NAME)";
				SWIFT_VERSION = 5.0;
				TARGETED_DEVICE_FAMILY = "1,2";
			};
			name = Release;
		};
/* End XCBuildConfiguration section */

/* Begin XCConfigurationList section */
		881940682401E6410096B2AD /* Build configuration list for PBXProject "mapWitMapBox" */ = {
			isa = XCConfigurationList;
			buildConfigurations = (
				8819407F2401E6460096B2AD /* Debug */,
				881940802401E6460096B2AD /* Release */,
			);
			defaultConfigurationIsVisible = 0;
			defaultConfigurationName = Release;
		};
		881940812401E6460096B2AD /* Build configuration list for PBXNativeTarget "mapWitMapBox" */ = {
			isa = XCConfigurationList;
			buildConfigurations = (
				881940822401E6460096B2AD /* Debug */,
				881940832401E6460096B2AD /* Release */,
			);
			defaultConfigurationIsVisible = 0;
			defaultConfigurationName = Release;
		};
/* End XCConfigurationList section */
	};
	rootObject = 881940652401E6410096B2AD /* Project object */;
}
